<Solution>
  <Folder Name="/Application/">
    <Project Path="mk8.email.Application/mk8.email.Application.Core.csproj" />
    <Project Path="mk8.email.Application.Worker/mk8.email.Application.Worker.csproj" />
    <Project Path="mk8.email.CLI/mk8.email.Application.CLI.csproj" Id="7f6167d9-82f3-4c62-a0cd-c1fe927aed1c" />
    <Project Path="mk8.email.Infrastructure/mk8.email.Infrastructure.csproj" />
  </Folder>
  <Folder Name="/Gateway/">
    <Project Path="mk8.email.Gateway/mk8.email.Gateway.csproj" />
    <Project Path="mk8.email.Dav/mk8.email.Dav.csproj" />
    <Project Path="mk8.email.Jmap/mk8.email.Jmap.csproj" />
    <Project Path="mk8.email.OAuth/mk8.email.OAuth.csproj" />
  </Folder>
  <Folder Name="/Shared/">
    <Project Path="mk8.email.Configuration/mk8.email.Configuration.csproj" />
    <Project Path="mk8.email.Contracts/mk8.email.Contracts.csproj" />
    <Project Path="mk8.email.Messaging/mk8.email.Messaging.csproj" />
    <Project Path="mk8.email.Storage/mk8.email.Storage.csproj" />
    <Project Path="mk8.email.Utils/mk8.email.Utils.csproj" />
  </Folder>
  <Folder Name="/Tests/">
    <Project Path="mk8.email.Application.Tests/mk8.email.Application.Tests.csproj" />
    <Project Path="mk8.email.Infrastructure.Tests/mk8.email.Infrastructure.Tests.csproj" />
    <Project Path="mk8.email.Messaging.Tests/mk8.email.Messaging.Tests.csproj" />
  </Folder>
</Solution>
