{
  "version": 1,
  "dependencies": {
    "net10.0": {
      "Meziantou.Analyzer": {
        "type": "Direct",
        "requested": "[3.0.270, )",
        "resolved": "3.0.270",
        "contentHash": "E2OnRZmSZ3ZLhhFj0q/En47RhWrmLEVtsRsNZIW12ecQLT9y4Wimo+A8x/kuhtzLlePJ9yPp7aPiSQx8a8H5mw=="
      },
      "Microsoft.CodeAnalysis.BannedApiAnalyzers": {
        "type": "Direct",
        "requested": "[5.6.0, )",
        "resolved": "5.6.0",
        "contentHash": "Kcobt3pnOdO0A+6CKiMHZdTEluJpsfxiV20axtZdmfBQnDmiWTKPJADlgAfdTuKNAnVarrkJa0UEGwuOo91muw=="
      },
      "Microsoft.CodeAnalysis.PublicApiAnalyzers": {
        "type": "Direct",
        "requested": "[5.6.0, )",
        "resolved": "5.6.0",
        "contentHash": "W4kJGezNIKLzo0Ak5FAQDFvkMf2U7DtGL4THmHyRSApfKsKt5V+eX/bU0ZLKAt/uf9Bb2o1bi0YDKj/GRB/vYQ=="
      },
      "Microsoft.VisualStudio.Threading.Analyzers": {
        "type": "Direct",
        "requested": "[18.7.23, )",
        "resolved": "18.7.23",
        "contentHash": "dyj6z8m+LFjpeH69hdnciCcRCmD0YgMlvuQEywiEshjqj/blgQ+PuWX8Vd5gkWQFoBN4e+TFxx6DvGNSv/gIKg=="
      },
      "Npgsql": {
        "type": "Direct",
        "requested": "[10.0.2, )",
        "resolved": "10.0.2",
        "contentHash": "q5RfBI+wywJSFUNDE1L4ZbHEHCFTblo8Uf6A6oe4feOUFYiUQXyAf9GBh5qEZpvJaHiEbpBPkQumjEhXCJxdrg==",
        "dependencies": {
          "Microsoft.Extensions.Logging.Abstractions": "10.0.0"
        }
      },
      "Roslynator.Analyzers": {
        "type": "Direct",
        "requested": "[5.0.0, )",
        "resolved": "5.0.0",
        "contentHash": "+J5kR/naCd62IwY2BG9P0QoHnJM8liBUFFAk6jga1t9s61JC3M+ofb3AY3wc73/pdROyKFCURqctQh8WRCIT/w=="
      },
      "Microsoft.Extensions.DependencyInjection.Abstractions": {
        "type": "Transitive",
        "resolved": "10.0.0",
        "contentHash": "L3AdmZ1WOK4XXT5YFPEwyt0ep6l8lGIPs7F5OOBZc77Zqeo01Of7XXICy47628sdVl0v/owxYJTe86DTgFwKCA=="
      },
      "Microsoft.Extensions.Logging.Abstractions": {
        "type": "Transitive",
        "resolved": "10.0.0",
        "contentHash": "FU/IfjDfwaMuKr414SSQNTIti/69bHEMb+QKrskRb26oVqpx3lNFXMjs/RC9ZUuhBhcwDM2BwOgoMw+PZ+beqQ==",
        "dependencies": {
          "Microsoft.Extensions.DependencyInjection.Abstractions": "10.0.0"
        }
      }
    }
  }
}